{
  "nodes": {
    "agenix": {
      "inputs": {
        "darwin": [
          "zaphkiel"
        ],
        "home-manager": [
          "zaphkiel"
        ],
        "nixpkgs": [
          "zaphkiel",
          "nixpkgs"
        ],
        "systems": [
          "zaphkiel",
          "systems"
        ]
      },
      "locked": {
        "lastModified": 1760836749,
        "narHash": "sha256-wyT7Pl6tMFbFrs8Lk/TlEs81N6L+VSybPfiIgzU8lbQ=",
        "owner": "ryantm",
        "repo": "agenix",
        "rev": "2f0f812f69f3eb4140157fe15e12739adf82e32a",
        "type": "github"
      },
      "original": {
        "owner": "ryantm",
        "repo": "agenix",
        "type": "github"
      }
    },
    "booru-hs": {
      "inputs": {
        "nixpkgs": [
          "zaphkiel",
          "nixpkgs"
        ],
        "systems": [
          "zaphkiel",
          "systems"
        ]
      },
      "locked": {
        "lastModified": 1761219102,
        "narHash": "sha256-o5U0lJ9ZIHHPDLUDDUEYVQWGucIFVJTBQcRXpQyWsOw=",
        "owner": "Rexcrazy804",
        "repo": "booru.hs",
        "rev": "f24a9a89bae3bdfb635e61f40874652dfb76d6c5",
        "type": "github"
      },
      "original": {
        "owner": "Rexcrazy804",
        "repo": "booru.hs",
        "type": "github"
      }
    },
    "crane": {
      "locked": {
        "lastModified": 1760924934,
        "narHash": "sha256-tuuqY5aU7cUkR71sO2TraVKK2boYrdW3gCSXUkF4i44=",
        "owner": "ipetkov",
        "repo": "crane",
        "rev": "c6b4d5308293d0d04fcfeee92705017537cad02f",
        "type": "github"
      },
      "original": {
        "owner": "ipetkov",
        "repo": "crane",
        "type": "github"
      }
    },
    "dankMaterialShell": {
      "inputs": {
        "dgop": "dgop",
        "nixpkgs": [
          "nixpkgs"
        ]
      },
      "locked": {
        "lastModified": 1764518652,
        "narHash": "sha256-KjEA4rYelqOhq+tANHqdsX56zdz9+07E0rucsXe3mOo=",
        "owner": "AvengeMedia",
        "repo": "DankMaterialShell",
        "rev": "b2cf20f3d88df3294f84bf2f2909cd94bb9c3105",
        "type": "github"
      },
      "original": {
        "owner": "AvengeMedia",
        "repo": "DankMaterialShell",
        "type": "github"
      }
    },
    "dgop": {
      "inputs": {
        "nixpkgs": [
          "dankMaterialShell",
          "nixpkgs"
        ]
      },
      "locked": {
        "lastModified": 1762835999,
        "narHash": "sha256-UykYGrGFOFTmDpKTLNxj1wvd1gbDG4TkqLNSbV0TYwk=",
        "owner": "AvengeMedia",
        "repo": "dgop",
        "rev": "799301991cd5dcea9b64245f9d500dcc76615653",
        "type": "github"
      },
      "original": {
        "owner": "AvengeMedia",
        "repo": "dgop",
        "type": "github"
      }
    },
    "dsearch": {
      "inputs": {
        "nixpkgs": [
          "nixpkgs"
        ]
      },
      "locked": {
        "lastModified": 1762206307,
        "narHash": "sha256-iyeIqpFn49CwftVeiYHaw2mSfJeZw2gX7urOzwnWQiA=",
        "owner": "AvengeMedia",
        "repo": "danksearch",
        "rev": "b2ec55d4bc4c1be15a7d25c9db952a400f97c2ae",
        "type": "github"
      },
      "original": {
        "owner": "AvengeMedia",
        "repo": "danksearch",
        "type": "github"
      }
    },
    "flake-utils": {
      "inputs": {
        "systems": "systems_3"
      },
      "locked": {
        "lastModified": 1731533236,
        "narHash": "sha256-l0KFg5HjrsfsO/JpG+r7fRrqm12kzFHyUHqHCVpMMbI=",
        "owner": "numtide",
        "repo": "flake-utils",
        "rev": "11707dc2f618dd54ca8739b309ec4fc024de578b",
        "type": "github"
      },
      "original": {
        "owner": "numtide",
        "repo": "flake-utils",
        "type": "github"
      }
    },
    "hjem": {
      "inputs": {
        "nixpkgs": [
          "nixpkgs"
        ],
        "smfh": "smfh"
      },
      "locked": {
        "lastModified": 1763948417,
        "narHash": "sha256-m8qpVI1l6nO9n+Djl2PY33esza0tBZDQ/yyAAlfHD0o=",
        "owner": "feel-co",
        "repo": "hjem",
        "rev": "4e9e23500bff48b750793e98afdbceda199a354a",
        "type": "github"
      },
      "original": {
        "owner": "feel-co",
        "repo": "hjem",
        "type": "github"
      }
    },
    "hjem-impure": {
      "inputs": {
        "hjem": [
          "zaphkiel"
        ],
        "nixpkgs": [
          "zaphkiel"
        ]
      },
      "locked": {
        "lastModified": 1761137035,
        "narHash": "sha256-addwMZGxcaOjvg64AXfWsXsXinxzjSS8x8h/CENOU6U=",
        "owner": "Rexcrazy804",
        "repo": "hjem-impure",
        "rev": "9a58b060e9383bfb6b2b3470f9606fdd654469f3",
        "type": "github"
      },
      "original": {
        "owner": "Rexcrazy804",
        "repo": "hjem-impure",
        "type": "github"
      }
    },
    "hjem_2": {
      "inputs": {
        "nixpkgs": [
          "zaphkiel",
          "nixpkgs"
        ],
        "smfh": [
          "zaphkiel"
        ]
      },
      "locked": {
        "lastModified": 1757733237,
        "narHash": "sha256-q57LxLzOQuW0ROtoBMMPbG8neBYa6LizRH9FVOQkkLQ=",
        "owner": "feel-co",
        "repo": "hjem",
        "rev": "627b34efad55fd42d6dd52c19c796604d2b8e8bd",
        "type": "github"
      },
      "original": {
        "owner": "feel-co",
        "repo": "hjem",
        "type": "github"
      }
    },
    "home-manager": {
      "inputs": {
        "nixpkgs": [
          "nixpkgs"
        ]
      },
      "locked": {
        "lastModified": 1764170585,
        "narHash": "sha256-fM7jNCNVnKuriJkHoqPCvH5sM1WtEu6PM/rOgWODbpQ=",
        "owner": "nix-community",
        "repo": "home-manager",
        "rev": "ceb884e4f3b160029ba6cf200bb2fc62047a3e9c",
        "type": "github"
      },
      "original": {
        "owner": "nix-community",
        "repo": "home-manager",
        "type": "github"
      }
    },
    "home-manager_2": {
      "inputs": {
        "nixpkgs": [
          "zen-browser",
          "nixpkgs"
        ]
      },
      "locked": {
        "lastModified": 1762964643,
        "narHash": "sha256-RYHN8O/Aja59XDji6WSJZPkJpYVUfpSkyH+PEupBJqM=",
        "owner": "nix-community",
        "repo": "home-manager",
        "rev": "827f2a23373a774a8805f84ca5344654c31f354b",
        "type": "github"
      },
      "original": {
        "owner": "nix-community",
        "repo": "home-manager",
        "type": "github"
      }
    },
    "hs-todo": {
      "inputs": {
        "nixpkgs": [
          "zaphkiel",
          "nixpkgs"
        ],
        "systems": [
          "zaphkiel",
          "systems"
        ]
      },
      "locked": {
        "lastModified": 1761219541,
        "narHash": "sha256-f78KHuj8MGqJhCM05nrPe8vLpbdBo7HPOzJN/giAecY=",
        "owner": "Rexcrazy804",
        "repo": "haskell-todo",
        "rev": "4cfcb456af2fd41eea891860fa8ae18e4b965ec8",
        "type": "github"
      },
      "original": {
        "owner": "Rexcrazy804",
        "repo": "haskell-todo",
        "type": "github"
      }
    },
    "mnw": {
      "locked": {
        "lastModified": 1758834834,
        "narHash": "sha256-Y7IvY4F8vajZyp3WGf+KaiIVwondEkMFkt92Cr9NZmg=",
        "owner": "Gerg-L",
        "repo": "mnw",
        "rev": "cfbc7d1cc832e318d0863a5fc91d940a96034001",
        "type": "github"
      },
      "original": {
        "owner": "Gerg-L",
        "repo": "mnw",
        "type": "github"
      }
    },
    "nixpkgs": {
      "locked": {
        "lastModified": 1763966396,
        "narHash": "sha256-6eeL1YPcY1MV3DDStIDIdy/zZCDKgHdkCmsrLJFiZf0=",
        "owner": "NixOS",
        "repo": "nixpkgs",
        "rev": "5ae3b07d8d6527c42f17c876e404993199144b6a",
        "type": "github"
      },
      "original": {
        "owner": "NixOS",
        "ref": "nixos-unstable",
        "repo": "nixpkgs",
        "type": "github"
      }
    },
    "quickshell": {
      "inputs": {
        "nixpkgs": [
          "nixpkgs"
        ]
      },
      "locked": {
        "lastModified": 1764045583,
        "narHash": "sha256-W24ReyRrhOKTKIsuAMkY5hnVlCufGoONM79sjUoyQkk=",
        "owner": "outfoxxed",
        "repo": "quickshell",
        "rev": "e9bad67619ee9937a1bbecfc6ad3b4231d2ecdc3",
        "type": "github"
      },
      "original": {
        "owner": "outfoxxed",
        "repo": "quickshell",
        "type": "github"
      }
    },
    "root": {
      "inputs": {
        "dankMaterialShell": "dankMaterialShell",
        "dsearch": "dsearch",
        "hjem": "hjem",
        "home-manager": "home-manager",
        "nixpkgs": "nixpkgs",
        "quickshell": "quickshell",
        "vicinae": "vicinae",
        "wifi-tui": "wifi-tui",
        "zaphkiel": "zaphkiel",
        "zen-browser": "zen-browser"
      }
    },
    "rust-overlay": {
      "inputs": {
        "nixpkgs": [
          "hjem",
          "smfh",
          "nixpkgs"
        ]
      },
      "locked": {
        "lastModified": 1759113356,
        "narHash": "sha256-xm4kEUcV2jk6u15aHazFP4YsMwhq+PczA+Ul/4FDKWI=",
        "owner": "oxalica",
        "repo": "rust-overlay",
        "rev": "be3b8843a2be2411500f6c052876119485e957a2",
        "type": "github"
      },
      "original": {
        "owner": "oxalica",
        "repo": "rust-overlay",
        "type": "github"
      }
    },
    "smfh": {
      "inputs": {
        "nixpkgs": [
          "hjem",
          "nixpkgs"
        ],
        "rust-overlay": "rust-overlay",
        "systems": "systems"
      },
      "locked": {
        "lastModified": 1760525934,
        "narHash": "sha256-1HtxuA45R/jExzE9iuimuECHWbV2c+CBdJmr/RtluaI=",
        "owner": "feel-co",
        "repo": "smfh",
        "rev": "7123a00cc3c3e90ba703a37ca8d997be95c62d99",
        "type": "github"
      },
      "original": {
        "owner": "feel-co",
        "repo": "smfh",
        "type": "github"
      }
    },
    "stash": {
      "inputs": {
        "crane": [
          "zaphkiel",
          "crane"
        ],
        "nixpkgs": [
          "zaphkiel",
          "nixpkgs"
        ]
      },
      "locked": {
        "lastModified": 1761370733,
        "narHash": "sha256-YdiLHAEI/hEfxuht6WCWG7pSQHRy9trU/cQZ+mdVWLE=",
        "owner": "notashelf",
        "repo": "stash",
        "rev": "955a5d51f874b307b03b3e1d57820097daf7bfab",
        "type": "github"
      },
      "original": {
        "owner": "notashelf",
        "ref": "notashelf/push-rnnzunzyvynn",
        "repo": "stash",
        "type": "github"
      }
    },
    "systems": {
      "locked": {
        "lastModified": 1681028828,
        "narHash": "sha256-Vy1rq5AaRuLzOxct8nz4T6wlgyUR7zLU309k9mBC768=",
        "owner": "nix-systems",
        "repo": "default",
        "rev": "da67096a3b9bf56a91d16901293e51ba5b49a27e",
        "type": "github"
      },
      "original": {
        "owner": "nix-systems",
        "repo": "default",
        "type": "github"
      }
    },
    "systems_2": {
      "locked": {
        "lastModified": 1681028828,
        "narHash": "sha256-Vy1rq5AaRuLzOxct8nz4T6wlgyUR7zLU309k9mBC768=",
        "owner": "nix-systems",
        "repo": "default",
        "rev": "da67096a3b9bf56a91d16901293e51ba5b49a27e",
        "type": "github"
      },
      "original": {
        "owner": "nix-systems",
        "repo": "default",
        "type": "github"
      }
    },
    "systems_3": {
      "locked": {
        "lastModified": 1681028828,
        "narHash": "sha256-Vy1rq5AaRuLzOxct8nz4T6wlgyUR7zLU309k9mBC768=",
        "owner": "nix-systems",
        "repo": "default",
        "rev": "da67096a3b9bf56a91d16901293e51ba5b49a27e",
        "type": "github"
      },
      "original": {
        "owner": "nix-systems",
        "repo": "default",
        "type": "github"
      }
    },
    "systems_4": {
      "locked": {
        "lastModified": 1680978846,
        "narHash": "sha256-Gtqg8b/v49BFDpDetjclCYXm8mAnTrUzR0JnE2nv5aw=",
        "owner": "nix-systems",
        "repo": "x86_64-linux",
        "rev": "2ecfcac5e15790ba6ce360ceccddb15ad16d08a8",
        "type": "github"
      },
      "original": {
        "owner": "nix-systems",
        "repo": "x86_64-linux",
        "type": "github"
      }
    },
    "vicinae": {
      "inputs": {
        "nixpkgs": [
          "nixpkgs"
        ],
        "systems": "systems_2"
      },
      "locked": {
        "lastModified": 1763934927,
        "narHash": "sha256-orsv0YJ6e6Sm6/ft56spin/npDf2xXKls1B7HauJ4dk=",
        "owner": "vicinaehq",
        "repo": "vicinae",
        "rev": "63304cee4a967f30eeca7d875f6c9a8ff4454050",
        "type": "github"
      },
      "original": {
        "owner": "vicinaehq",
        "repo": "vicinae",
        "type": "github"
      }
    },
    "wifi-tui": {
      "inputs": {
        "flake-utils": "flake-utils",
        "nixpkgs": [
          "nixpkgs"
        ]
      },
      "locked": {
        "lastModified": 1764096169,
        "narHash": "sha256-dcYnaH7rxx43+4ycSgXjFYR8rpE12wnujKI4iXCvCNM=",
        "owner": "shazow",
        "repo": "wifitui",
        "rev": "e2ced62d7394675c47f3f95da52c921ae6fb5978",
        "type": "github"
      },
      "original": {
        "owner": "shazow",
        "repo": "wifitui",
        "type": "github"
      }
    },
    "zaphkiel": {
      "inputs": {
        "agenix": "agenix",
        "booru-hs": "booru-hs",
        "crane": "crane",
        "hjem": "hjem_2",
        "hjem-impure": "hjem-impure",
        "hs-todo": "hs-todo",
        "mnw": "mnw",
        "nixpkgs": [
          "nixpkgs"
        ],
        "stash": "stash",
        "systems": "systems_4"
      },
      "locked": {
        "lastModified": 1763920087,
        "narHash": "sha256-v59bwQTsYSNpxGxsozbwA6oeDONYL1Jg+Y6tUQr9S68=",
        "owner": "Rexcrazy804",
        "repo": "Zaphkiel",
        "rev": "e0d8715d013b26737f846bd36ab8fc8500103dd5",
        "type": "github"
      },
      "original": {
        "owner": "Rexcrazy804",
        "repo": "Zaphkiel",
        "type": "github"
      }
    },
    "zen-browser": {
      "inputs": {
        "home-manager": "home-manager_2",
        "nixpkgs": [
          "nixpkgs"
        ]
      },
      "locked": {
        "lastModified": 1764166920,
        "narHash": "sha256-AEpt8JdKA4RVobRjaR7S2QP3bmUz8dhuWasB7mr9Ylo=",
        "owner": "0xc000022070",
        "repo": "zen-browser-flake",
        "rev": "6f5d615393a5e923ea2883ef28e274031d1b1e1e",
        "type": "github"
      },
      "original": {
        "owner": "0xc000022070",
        "repo": "zen-browser-flake",
        "type": "github"
      }
    }
  },
  "root": "root",
  "version": 7
}
